<Solution>
  <Project Path="01_HelloWorld/01_HelloWorld.csproj" Id="07f6ff22-5c3e-4f61-b115-74ca25e68b40" />
  <Project Path="02_Odd_Or_Even_Number/02_Odd_Or_Even_Number.csproj" Id="4e483de1-5356-4e51-b3c1-68019c4d7156" />
  <Project Path="03_Swap_Numbers_With_Temp/03_Swap_Numbers_With_Temp.csproj" Id="99ab05af-e2ab-4046-8da0-78251bba350a" />
  <Project Path="04_Swap_Numbers_Without_Temp/04_Swap_Numbers_Without_Temp.csproj" Id="1686aa6e-f4eb-4604-853e-679aaeade412" />
  <Project Path="05_Reverse_Number/05_Reverse_Number.csproj" Id="fd0a49d9-7e3a-4cc6-978e-f1fbfcbeb970" />
  <Project Path="06_Reverse_String/06_Reverse_String.csproj" Id="7aab5f3b-8fc8-4daf-8fec-a5089f3acbe5" />
  <Project Path="07_Palindrome_Number/07_Palindrome_Number.csproj" Id="4697dded-0cb4-463f-ae94-2dd857bf1fd9" />
  <Project Path="08_Palindrome_String/08_Palindrome_String.csproj" Id="38724773-28e8-40a4-ab49-4d77d9dd4ed8" />
  <Project Path="09_Factorial_Number/09_Factorial_Number.csproj" Id="7eb8beec-96ec-4e66-9050-ed82ed7f2998" />
  <Project Path="10_Fibonacci_Series/10_Fibonacci_Series.csproj" Id="3796792f-3122-44ce-aaf2-974484f2825c" />
  <Project Path="11_Prime_Number/11_Prime_Number.csproj" Id="59adf0b1-fa87-4bea-8170-67fa10f8ca96" />
  <Project Path="12_Linked_Example/12_Linked_Example.csproj" Id="7d5f9dba-eb1e-45c3-ba04-d5c0061b3f1d" />
  <Project Path="13_LinkedList_Example/13_LinkedList_Example.csproj" Id="33486677-c673-456e-bc43-cbda79468959" />
  <Project Path="14_Two_Sum/14_Two_Sum.csproj" Id="1fbb87ec-25ed-4021-afcf-8f213793fd5a" />
  <Project Path="15_Bye_Sell_Profit/15_Bye_Sell_Profit.csproj" Id="f2bf2c3e-a853-4d69-a056-c62f84df97b7" />
  <Project Path="16_Move_Zero_Last/16_Move_Zero_Last.csproj" Id="4fb735a8-0cdf-4d9b-9177-7bd5b9573baa" />
  <Project Path="17_Remove_Dulicate/17_Remove_Dulicate.csproj" Id="51346156-235f-49aa-9a4c-c60bd90d19b3" />
  <Project Path="18_Missing_Number/18_Missing_Number.csproj" Id="ff43899d-fba0-4c8f-ae0d-d81992179c99" />
</Solution>
